// !$*UTF8*$!
{
	archiveVersion = 1;
	classes = {
	};
	objectVersion = 56;
	objects = {

/* Begin PBXBuildFile section */
		930C794429A4AB4C006044F1 /* contactList.swift in Sources */ = {isa = PBXBuildFile; fileRef = 930C794329A4AB4C006044F1 /* contactList.swift */; };
		930C794729A4AFA9006044F1 /* tableViewExtension.swift in Sources */ = {isa = PBXBuildFile; fileRef = 930C794629A4AFA9006044F1 /* tableViewExtension.swift */; };
		930C794929A4B847006044F1 /* ContactDetailVC.swift in Sources */ = {isa = PBXBuildFile; fileRef = 930C794829A4B847006044F1 /* ContactDetailVC.swift */; };
		935A49D829A47F2500DD829F /* AppDelegate.swift in Sources */ = {isa = PBXBuildFile; fileRef = 935A49D729A47F2500DD829F /* AppDelegate.swift */; };
		935A49DA29A47F2500DD829F /* SceneDelegate.swift in Sources */ = {isa = PBXBuildFile; fileRef = 935A49D929A47F2500DD829F /* SceneDelegate.swift */; };
		935A49DC29A47F2500DD829F /* ViewController.swift in Sources */ = {isa = PBXBuildFile; fileRef = 935A49DB29A47F2500DD829F /* ViewController.swift */; };
		935A49DF29A47F2500DD829F /* Main.storyboard in Resources */ = {isa = PBXBuildFile; fileRef = 935A49DD29A47F2500DD829F /* Main.storyboard */; };
		935A49E129A47F2700DD829F /* Assets.xcassets in Resources */ = {isa = PBXBuildFile; fileRef = 935A49E029A47F2700DD829F /* Assets.xcassets */; };
		935A49E429A47F2700DD829F /* LaunchScreen.storyboard in Resources */ = {isa = PBXBuildFile; fileRef = 935A49E229A47F2700DD829F /* LaunchScreen.storyboard */; };
		93DD000C29A6244C002BC558 /* CRUD_operations.swift in Sources */ = {isa = PBXBuildFile; fileRef = 93DD000B29A6244C002BC558 /* CRUD_operations.swift */; };
/* End PBXBuildFile section */

/* Begin PBXFileReference section */
		930C794329A4AB4C006044F1 /* contactList.swift */ = {isa = PBXFileReference; lastKnownFileType = sourcecode.swift; path = contactList.swift; sourceTree = "<group>"; };
		930C794629A4AFA9006044F1 /* tableViewExtension.swift */ = {isa = PBXFileReference; lastKnownFileType = sourcecode.swift; path = tableViewExtension.swift; sourceTree = "<group>"; };
		930C794829A4B847006044F1 /* ContactDetailVC.swift */ = {isa = PBXFileReference; lastKnownFileType = sourcecode.swift; path = ContactDetailVC.swift; sourceTree = "<group>"; };
		935A49D429A47F2500DD829F /* contactList.app */ = {isa = PBXFileReference; explicitFileType = wrapper.application; includeInIndex = 0; path = contactList.app; sourceTree = BUILT_PRODUCTS_DIR; };
		935A49D729A47F2500DD829F /* AppDelegate.swift */ = {isa = PBXFileReference; lastKnownFileType = sourcecode.swift; path = AppDelegate.swift; sourceTree = "<group>"; };
		935A49D929A47F2500DD829F /* SceneDelegate.swift */ = {isa = PBXFileReference; lastKnownFileType = sourcecode.swift; path = SceneDelegate.swift; sourceTree = "<group>"; };
		935A49DB29A47F2500DD829F /* ViewController.swift */ = {isa = PBXFileReference; lastKnownFileType = sourcecode.swift; path = ViewController.swift; sourceTree = "<group>"; tabWidth = 4; };
		935A49DE29A47F2500DD829F /* Base */ = {isa = PBXFileReference; lastKnownFileType = file.storyboard; name = Base; path = Base.lproj/Main.storyboard; sourceTree = "<group>"; };
		935A49E029A47F2700DD829F /* Assets.xcassets */ = {isa = PBXFileReference; lastKnownFileType = folder.assetcatalog; path = Assets.xcassets; sourceTree = "<group>"; };
		935A49E329A47F2700DD829F /* Base */ = {isa = PBXFileReference; lastKnownFileType = file.storyboard; name = Base; path = Base.lproj/LaunchScreen.storyboard; sourceTree = "<group>"; };
		935A49E529A47F2700DD829F /* Info.plist */ = {isa = PBXFileReference; lastKnownFileType = text.plist.xml; path = Info.plist; sourceTree = "<group>"; };
		93DD000B29A6244C002BC558 /* CRUD_operations.swift */ = {isa = PBXFileReference; lastKnownFileType = sourcecode.swift; path = CRUD_operations.swift; sourceTree = "<group>"; };
/* End PBXFileReference section */

/* Begin PBXFrameworksBuildPhase section */
		935A49D129A47F2500DD829F /* Frameworks */ = {
			isa = PBXFrameworksBuildPhase;
			buildActionMask = 2147483647;
			files = (
			);
			runOnlyForDeploymentPostprocessing = 0;
		};
/* End PBXFrameworksBuildPhase section */

/* Begin PBXGroup section */
		930C794529A4AF87006044F1 /* Extensions */ = {
			isa = PBXGroup;
			children = (
				930C794629A4AFA9006044F1 /* tableViewExtension.swift */,
			);
			path = Extensions;
			sourceTree = "<group>";
		};
		935A49CB29A47F2500DD829F = {
			isa = PBXGroup;
			children = (
				935A49D629A47F2500DD829F /* contactList */,
				935A49D529A47F2500DD829F /* Products */,
			);
			sourceTree = "<group>";
		};
		935A49D529A47F2500DD829F /* Products */ = {
			isa = PBXGroup;
			children = (
				935A49D429A47F2500DD829F /* contactList.app */,
			);
			name = Products;
			sourceTree = "<group>";
		};
		935A49D629A47F2500DD829F /* contactList */ = {
			isa = PBXGroup;
			children = (
				93DD000A29A62424002BC558 /* ExtraClasses */,
				930C794529A4AF87006044F1 /* Extensions */,
				935A49D729A47F2500DD829F /* AppDelegate.swift */,
				935A49D929A47F2500DD829F /* SceneDelegate.swift */,
				935A49DB29A47F2500DD829F /* ViewController.swift */,
				935A49DD29A47F2500DD829F /* Main.storyboard */,
				935A49E029A47F2700DD829F /* Assets.xcassets */,
				935A49E229A47F2700DD829F /* LaunchScreen.storyboard */,
				935A49E529A47F2700DD829F /* Info.plist */,
				930C794329A4AB4C006044F1 /* contactList.swift */,
				930C794829A4B847006044F1 /* ContactDetailVC.swift */,
			);
			path = contactList;
			sourceTree = "<group>";
		};
		93DD000A29A62424002BC558 /* ExtraClasses */ = {
			isa = PBXGroup;
			children = (
				93DD000B29A6244C002BC558 /* CRUD_operations.swift */,
			);
			path = ExtraClasses;
			sourceTree = "<group>";
		};
/* End PBXGroup section */

/* Begin PBXNativeTarget section */
		935A49D329A47F2500DD829F /* contactList */ = {
			isa = PBXNativeTarget;
			buildConfigurationList = 935A49E829A47F2700DD829F /* Build configuration list for PBXNativeTarget "contactList" */;
			buildPhases = (
				935A49D029A47F2500DD829F /* Sources */,
				935A49D129A47F2500DD829F /* Frameworks */,
				935A49D229A47F2500DD829F /* Resources */,
			);
			buildRules = (
			);
			dependencies = (
			);
			name = contactList;
			productName = contactList;
			productReference = 935A49D429A47F2500DD829F /* contactList.app */;
			productType = "com.apple.product-type.application";
		};
/* End PBXNativeTarget section */

/* Begin PBXProject section */
		935A49CC29A47F2500DD829F /* Project object */ = {
			isa = PBXProject;
			attributes = {
				BuildIndependentTargetsInParallel = 1;
				LastSwiftUpdateCheck = 1420;
				LastUpgradeCheck = 1420;
				TargetAttributes = {
					935A49D329A47F2500DD829F = {
						CreatedOnToolsVersion = 14.2;
					};
				};
			};
			buildConfigurationList = 935A49CF29A47F2500DD829F /* Build configuration list for PBXProject "contactList" */;
			compatibilityVersion = "Xcode 14.0";
			developmentRegion = en;
			hasScannedForEncodings = 0;
			knownRegions = (
				en,
				Base,
			);
			mainGroup = 935A49CB29A47F2500DD829F;
			productRefGroup = 935A49D529A47F2500DD829F /* Products */;
			projectDirPath = "";
			projectRoot = "";
			targets = (
				935A49D329A47F2500DD829F /* contactList */,
			);
		};
/* End PBXProject section */

/* Begin PBXResourcesBuildPhase section */
		935A49D229A47F2500DD829F /* Resources */ = {
			isa = PBXResourcesBuildPhase;
			buildActionMask = 2147483647;
			files = (
				935A49E429A47F2700DD829F /* LaunchScreen.storyboard in Resources */,
				935A49E129A47F2700DD829F /* Assets.xcassets in Resources */,
				935A49DF29A47F2500DD829F /* Main.storyboard in Resources */,
			);
			runOnlyForDeploymentPostprocessing = 0;
		};
/* End PBXResourcesBuildPhase section */

/* Begin PBXSourcesBuildPhase section */
		935A49D029A47F2500DD829F /* Sources */ = {
			isa = PBXSourcesBuildPhase;
			buildActionMask = 2147483647;
			files = (
				930C794429A4AB4C006044F1 /* contactList.swift in Sources */,
				935A49DC29A47F2500DD829F /* ViewController.swift in Sources */,
				93DD000C29A6244C002BC558 /* CRUD_operations.swift in Sources */,
				930C794929A4B847006044F1 /* ContactDetailVC.swift in Sources */,
				930C794729A4AFA9006044F1 /* tableViewExtension.swift in Sources */,
				935A49D829A47F2500DD829F /* AppDelegate.swift in Sources */,
				935A49DA29A47F2500DD829F /* SceneDelegate.swift in Sources */,
			);
			runOnlyForDeploymentPostprocessing = 0;
		};
/* End PBXSourcesBuildPhase section */

/* Begin PBXVariantGroup section */
		935A49DD29A47F2500DD829F /* Main.storyboard */ = {
			isa = PBXVariantGroup;
			children = (
				935A49DE29A47F2500DD829F /* Base */,
			);
			name = Main.storyboard;
			sourceTree = "<group>";
		};
		935A49E229A47F2700DD829F /* LaunchScreen.storyboard */ = {
			isa = PBXVariantGroup;
			children = (
				935A49E329A47F2700DD829F /* Base */,
			);
			name = LaunchScreen.storyboard;
			sourceTree = "<group>";
		};
/* End PBXVariantGroup section */

/* Begin XCBuildConfiguration section */
		935A49E629A47F2700DD829F /* Debug */ = {
			isa = XCBuildConfiguration;
			buildSettings = {
				ALWAYS_SEARCH_USER_PATHS = NO;
				CLANG_ANALYZER_NONNULL = YES;
				CLANG_ANALYZER_NUMBER_OBJECT_CONVERSION = YES_AGGRESSIVE;
				CLANG_CXX_LANGUAGE_STANDARD = "gnu++20";
				CLANG_ENABLE_MODULES = YES;
				CLANG_ENABLE_OBJC_ARC = YES;
				CLANG_ENABLE_OBJC_WEAK = YES;
				CLANG_WARN_BLOCK_CAPTURE_AUTORELEASING = YES;
				CLANG_WARN_BOOL_CONVERSION = YES;
				CLANG_WARN_COMMA = YES;
				CLANG_WARN_CONSTANT_CONVERSION = YES;
				CLANG_WARN_DEPRECATED_OBJC_IMPLEMENTATIONS = YES;
				CLANG_WARN_DIRECT_OBJC_ISA_USAGE = YES_ERROR;
				CLANG_WARN_DOCUMENTATION_COMMENTS = YES;
				CLANG_WARN_EMPTY_BODY = YES;
				CLANG_WARN_ENUM_CONVERSION = YES;
				CLANG_WARN_INFINITE_RECURSION = YES;
				CLANG_WARN_INT_CONVERSION = YES;
				CLANG_WARN_NON_LITERAL_NULL_CONVERSION = YES;
				CLANG_WARN_OBJC_IMPLICIT_RETAIN_SELF = YES;
				CLANG_WARN_OBJC_LITERAL_CONVERSION = YES;
				CLANG_WARN_OBJC_ROOT_CLASS = YES_ERROR;
				CLANG_WARN_QUOTED_INCLUDE_IN_FRAMEWORK_HEADER = YES;
				CLANG_WARN_RANGE_LOOP_ANALYSIS = YES;
				CLANG_WARN_STRICT_PROTOTYPES = YES;
				CLANG_WARN_SUSPICIOUS_MOVE = YES;
				CLANG_WARN_UNGUARDED_AVAILABILITY = YES_AGGRESSIVE;
				CLANG_WARN_UNREACHABLE_CODE = YES;
				CLANG_WARN__DUPLICATE_METHOD_MATCH = YES;
				COPY_PHASE_STRIP = NO;
				DEBUG_INFORMATION_FORMAT = dwarf;
				ENABLE_STRICT_OBJC_MSGSEND = YES;
				ENABLE_TESTABILITY = YES;
				GCC_C_LANGUAGE_STANDARD = gnu11;
				GCC_DYNAMIC_NO_PIC = NO;
				GCC_NO_COMMON_BLOCKS = YES;
				GCC_OPTIMIZATION_LEVEL = 0;
				GCC_PREPROCESSOR_DEFINITIONS = (
					"DEBUG=1",
					"$(inherited)",
				);
				GCC_WARN_64_TO_32_BIT_CONVERSION = YES;
				GCC_WARN_ABOUT_RETURN_TYPE = YES_ERROR;
				GCC_WARN_UNDECLARED_SELECTOR = YES;
				GCC_WARN_UNINITIALIZED_AUTOS = YES_AGGRESSIVE;
				GCC_WARN_UNUSED_FUNCTION = YES;
				GCC_WARN_UNUSED_VARIABLE = YES;
				IPHONEOS_DEPLOYMENT_TARGET = 16.2;
				MTL_ENABLE_DEBUG_INFO = INCLUDE_SOURCE;
				MTL_FAST_MATH = YES;
				ONLY_ACTIVE_ARCH = YES;
				SDKROOT = iphoneos;
				SWIFT_ACTIVE_COMPILATION_CONDITIONS = DEBUG;
				SWIFT_OPTIMIZATION_LEVEL = "-Onone";
			};
			name = Debug;
		};
		935A49E729A47F2700DD829F /* Release */ = {
			isa = XCBuildConfiguration;
			buildSettings = {
				ALWAYS_SEARCH_USER_PATHS = NO;
				CLANG_ANALYZER_NONNULL = YES;
				CLANG_ANALYZER_NUMBER_OBJECT_CONVERSION = YES_AGGRESSIVE;
				CLANG_CXX_LANGUAGE_STANDARD = "gnu++20";
				CLANG_ENABLE_MODULES = YES;
				CLANG_ENABLE_OBJC_ARC = YES;
				CLANG_ENABLE_OBJC_WEAK = YES;
				CLANG_WARN_BLOCK_CAPTURE_AUTORELEASING = YES;
				CLANG_WARN_BOOL_CONVERSION = YES;
				CLANG_WARN_COMMA = YES;
				CLANG_WARN_CONSTANT_CONVERSION = YES;
				CLANG_WARN_DEPRECATED_OBJC_IMPLEMENTATIONS = YES;
				CLANG_WARN_DIRECT_OBJC_ISA_USAGE = YES_ERROR;
				CLANG_WARN_DOCUMENTATION_COMMENTS = YES;
				CLANG_WARN_EMPTY_BODY = YES;
				CLANG_WARN_ENUM_CONVERSION = YES;
				CLANG_WARN_INFINITE_RECURSION = YES;
				CLANG_WARN_INT_CONVERSION = YES;
				CLANG_WARN_NON_LITERAL_NULL_CONVERSION = YES;
				CLANG_WARN_OBJC_IMPLICIT_RETAIN_SELF = YES;
				CLANG_WARN_OBJC_LITERAL_CONVERSION = YES;
				CLANG_WARN_OBJC_ROOT_CLASS = YES_ERROR;
				CLANG_WARN_QUOTED_INCLUDE_IN_FRAMEWORK_HEADER = YES;
				CLANG_WARN_RANGE_LOOP_ANALYSIS = YES;
				CLANG_WARN_STRICT_PROTOTYPES = YES;
				CLANG_WARN_SUSPICIOUS_MOVE = YES;
				CLANG_WARN_UNGUARDED_AVAILABILITY = YES_AGGRESSIVE;
				CLANG_WARN_UNREACHABLE_CODE = YES;
				CLANG_WARN__DUPLICATE_METHOD_MATCH = YES;
				COPY_PHASE_STRIP = NO;
				DEBUG_INFORMATION_FORMAT = "dwarf-with-dsym";
				ENABLE_NS_ASSERTIONS = NO;
				ENABLE_STRICT_OBJC_MSGSEND = YES;
				GCC_C_LANGUAGE_STANDARD = gnu11;
				GCC_NO_COMMON_BLOCKS = YES;
				GCC_WARN_64_TO_32_BIT_CONVERSION = YES;
				GCC_WARN_ABOUT_RETURN_TYPE = YES_ERROR;
				GCC_WARN_UNDECLARED_SELECTOR = YES;
				GCC_WARN_UNINITIALIZED_AUTOS = YES_AGGRESSIVE;
				GCC_WARN_UNUSED_FUNCTION = YES;
				GCC_WARN_UNUSED_VARIABLE = YES;
				IPHONEOS_DEPLOYMENT_TARGET = 16.2;
				MTL_ENABLE_DEBUG_INFO = NO;
				MTL_FAST_MATH = YES;
				SDKROOT = iphoneos;
				SWIFT_COMPILATION_MODE = wholemodule;
				SWIFT_OPTIMIZATION_LEVEL = "-O";
				VALIDATE_PRODUCT = YES;
			};
			name = Release;
		};
		935A49E929A47F2700DD829F /* Debug */ = {
			isa = XCBuildConfiguration;
			buildSettings = {
				ASSETCATALOG_COMPILER_APPICON_NAME = AppIcon;
				ASSETCATALOG_COMPILER_GLOBAL_ACCENT_COLOR_NAME = AccentColor;
				CODE_SIGN_STYLE = Automatic;
				CURRENT_PROJECT_VERSION = 1;
				GENERATE_INFOPLIST_FILE = YES;
				INFOPLIST_FILE = contactList/Info.plist;
				INFOPLIST_KEY_UIApplicationSupportsIndirectInputEvents = YES;
				INFOPLIST_KEY_UILaunchStoryboardName = LaunchScreen;
				INFOPLIST_KEY_UIMainStoryboardFile = Main;
				INFOPLIST_KEY_UISupportedInterfaceOrientations_iPad = "UIInterfaceOrientationPortrait UIInterfaceOrientationPortraitUpsideDown UIInterfaceOrientationLandscapeLeft UIInterfaceOrientationLandscapeRight";
				INFOPLIST_KEY_UISupportedInterfaceOrientations_iPhone = "UIInterfaceOrientationPortrait UIInterfaceOrientationLandscapeLeft UIInterfaceOrientationLandscapeRight";
				LD_RUNPATH_SEARCH_PATHS = (
					"$(inherited)",
					"@executable_path/Frameworks",
				);
				MARKETING_VERSION = 1.0;
				PRODUCT_BUNDLE_IDENTIFIER = com.Immplay.gamexplay.contactList;
				PRODUCT_NAME = "$(TARGET_NAME)";
				SWIFT_EMIT_LOC_STRINGS = YES;
				SWIFT_VERSION = 5.0;
				TARGETED_DEVICE_FAMILY = "1,2";
			};
			name = Debug;
		};
		935A49EA29A47F2700DD829F /* Release */ = {
			isa = XCBuildConfiguration;
			buildSettings = {
				ASSETCATALOG_COMPILER_APPICON_NAME = AppIcon;
				ASSETCATALOG_COMPILER_GLOBAL_ACCENT_COLOR_NAME = AccentColor;
				CODE_SIGN_STYLE = Automatic;
				CURRENT_PROJECT_VERSION = 1;
				GENERATE_INFOPLIST_FILE = YES;
				INFOPLIST_FILE = contactList/Info.plist;
				INFOPLIST_KEY_UIApplicationSupportsIndirectInputEvents = YES;
				INFOPLIST_KEY_UILaunchStoryboardName = LaunchScreen;
				INFOPLIST_KEY_UIMainStoryboardFile = Main;
				INFOPLIST_KEY_UISupportedInterfaceOrientations_iPad = "UIInterfaceOrientationPortrait UIInterfaceOrientationPortraitUpsideDown UIInterfaceOrientationLandscapeLeft UIInterfaceOrientationLandscapeRight";
				INFOPLIST_KEY_UISupportedInterfaceOrientations_iPhone = "UIInterfaceOrientationPortrait UIInterfaceOrientationLandscapeLeft UIInterfaceOrientationLandscapeRight";
				LD_RUNPATH_SEARCH_PATHS = (
					"$(inherited)",
					"@executable_path/Frameworks",
				);
				MARKETING_VERSION = 1.0;
				PRODUCT_BUNDLE_IDENTIFIER = com.Immplay.gamexplay.contactList;
				PRODUCT_NAME = "$(TARGET_NAME)";
				SWIFT_EMIT_LOC_STRINGS = YES;
				SWIFT_VERSION = 5.0;
				TARGETED_DEVICE_FAMILY = "1,2";
			};
			name = Release;
		};
/* End XCBuildConfiguration section */

/* Begin XCConfigurationList section */
		935A49CF29A47F2500DD829F /* Build configuration list for PBXProject "contactList" */ = {
			isa = XCConfigurationList;
			buildConfigurations = (
				935A49E629A47F2700DD829F /* Debug */,
				935A49E729A47F2700DD829F /* Release */,
			);
			defaultConfigurationIsVisible = 0;
			defaultConfigurationName = Release;
		};
		935A49E829A47F2700DD829F /* Build configuration list for PBXNativeTarget "contactList" */ = {
			isa = XCConfigurationList;
			buildConfigurations = (
				935A49E929A47F2700DD829F /* Debug */,
				935A49EA29A47F2700DD829F /* Release */,
			);
			defaultConfigurationIsVisible = 0;
			defaultConfigurationName = Release;
		};
/* End XCConfigurationList section */
	};
	rootObject = 935A49CC29A47F2500DD829F /* Project object */;
}
